
Microsoft Visual Studio Solution File, Format Version 12.00
# Visual Studio Version 16
VisualStudioVersion = 16.0.30717.126
MinimumVisualStudioVersion = 10.0.40219.1
Project("{FAE04EC0-301F-11D3-BF4B-00C04F79EFBC}") = "ForumAppProject", "ForumAppProject.csproj", "{1D5B1640-47B1-4FBF-8B06-90E8AB24D27D}"
EndProject
Project("{FAE04EC0-301F-11D3-BF4B-00C04F79EFBC}") = "Client", "..\Client\Client.csproj", "{9A949A03-3734-4449-906A-FCB6EE10BBAB}"
EndProject
Project("{FAE04EC0-301F-11D3-BF4B-00C04F79EFBC}") = "Communication", "..\Communication\Communication.csproj", "{5162FB5A-96BA-4513-ADE0-E8500455E906}"
EndProject
Global
	GlobalSection(SolutionConfigurationPlatforms) = preSolution
		Debug|Any CPU = Debug|Any CPU
		Release|Any CPU = Release|Any CPU
	EndGlobalSection
	GlobalSection(ProjectConfigurationPlatforms) = postSolution
		{1D5B1640-47B1-4FBF-8B06-90E8AB24D27D}.Debug|Any CPU.ActiveCfg = Debug|Any CPU
		{1D5B1640-47B1-4FBF-8B06-90E8AB24D27D}.Debug|Any CPU.Build.0 = Debug|Any CPU
		{1D5B1640-47B1-4FBF-8B06-90E8AB24D27D}.Release|Any CPU.ActiveCfg = Release|Any CPU
		{1D5B1640-47B1-4FBF-8B06-90E8AB24D27D}.Release|Any CPU.Build.0 = Release|Any CPU
		{9A949A03-3734-4449-906A-FCB6EE10BBAB}.Debug|Any CPU.ActiveCfg = Debug|Any CPU
		{9A949A03-3734-4449-906A-FCB6EE10BBAB}.Debug|Any CPU.Build.0 = Debug|Any CPU
		{9A949A03-3734-4449-906A-FCB6EE10BBAB}.Release|Any CPU.ActiveCfg = Release|Any CPU
		{9A949A03-3734-4449-906A-FCB6EE10BBAB}.Release|Any CPU.Build.0 = Release|Any CPU
		{5162FB5A-96BA-4513-ADE0-E8500455E906}.Debug|Any CPU.ActiveCfg = Debug|Any CPU
		{5162FB5A-96BA-4513-ADE0-E8500455E906}.Debug|Any CPU.Build.0 = Debug|Any CPU
		{5162FB5A-96BA-4513-ADE0-E8500455E906}.Release|Any CPU.ActiveCfg = Release|Any CPU
		{5162FB5A-96BA-4513-ADE0-E8500455E906}.Release|Any CPU.Build.0 = Release|Any CPU
	EndGlobalSection
	GlobalSection(SolutionProperties) = preSolution
		HideSolutionNode = FALSE
	EndGlobalSection
	GlobalSection(ExtensibilityGlobals) = postSolution
		SolutionGuid = {96BF3D5D-4D1B-4990-9C10-5F4D6B9A09E0}
	EndGlobalSection
EndGlobal
